
Microsoft Visual Studio Solution File, Format Version 12.00
# Visual Studio 15
VisualStudioVersion = 15.0.27130.2027
MinimumVisualStudioVersion = 10.0.40219.1
Project("{8BC9CEB8-8B4A-11D0-8D11-00A0C91BC942}") = "Exception Handling", "Exception Handling\Exception Handling.vcxproj", "{0AB657F8-4A52-43EB-A3D0-F9BF6CC4686C}"
EndProject
Project("{8BC9CEB8-8B4A-11D0-8D11-00A0C91BC942}") = "Event", "Event\Event.vcxproj", "{69DB6BD0-20FC-45AD-AB56-A27593AE29A4}"
EndProject
Global
	GlobalSection(SolutionConfigurationPlatforms) = preSolution
		Debug|x64 = Debug|x64
		Debug|x86 = Debug|x86
		Release|x64 = Release|x64
		Release|x86 = Release|x86
	EndGlobalSection
	GlobalSection(ProjectConfigurationPlatforms) = postSolution
		{0AB657F8-4A52-43EB-A3D0-F9BF6CC4686C}.Debug|x64.ActiveCfg = Debug|x64
		{0AB657F8-4A52-43EB-A3D0-F9BF6CC4686C}.Debug|x64.Build.0 = Debug|x64
		{0AB657F8-4A52-43EB-A3D0-F9BF6CC4686C}.Debug|x86.ActiveCfg = Debug|Win32
		{0AB657F8-4A52-43EB-A3D0-F9BF6CC4686C}.Debug|x86.Build.0 = Debug|Win32
		{0AB657F8-4A52-43EB-A3D0-F9BF6CC4686C}.Release|x64.ActiveCfg = Release|x64
		{0AB657F8-4A52-43EB-A3D0-F9BF6CC4686C}.Release|x64.Build.0 = Release|x64
		{0AB657F8-4A52-43EB-A3D0-F9BF6CC4686C}.Release|x86.ActiveCfg = Release|Win32
		{0AB657F8-4A52-43EB-A3D0-F9BF6CC4686C}.Release|x86.Build.0 = Release|Win32
		{69DB6BD0-20FC-45AD-AB56-A27593AE29A4}.Debug|x64.ActiveCfg = Debug|x64
		{69DB6BD0-20FC-45AD-AB56-A27593AE29A4}.Debug|x64.Build.0 = Debug|x64
		{69DB6BD0-20FC-45AD-AB56-A27593AE29A4}.Debug|x86.ActiveCfg = Debug|Win32
		{69DB6BD0-20FC-45AD-AB56-A27593AE29A4}.Debug|x86.Build.0 = Debug|Win32
		{69DB6BD0-20FC-45AD-AB56-A27593AE29A4}.Release|x64.ActiveCfg = Release|x64
		{69DB6BD0-20FC-45AD-AB56-A27593AE29A4}.Release|x64.Build.0 = Release|x64
		{69DB6BD0-20FC-45AD-AB56-A27593AE29A4}.Release|x86.ActiveCfg = Release|Win32
		{69DB6BD0-20FC-45AD-AB56-A27593AE29A4}.Release|x86.Build.0 = Release|Win32
	EndGlobalSection
	GlobalSection(SolutionProperties) = preSolution
		HideSolutionNode = FALSE
	EndGlobalSection
	GlobalSection(ExtensibilityGlobals) = postSolution
		SolutionGuid = {77CD291E-19DE-4D10-9261-7A9054CDDE03}
	EndGlobalSection
EndGlobal
